// !$*UTF8*$!
{
	archiveVersion = 1;
	classes = {
	};
	objectVersion = 46;
	objects = {

/* Begin PBXBuildFile section */
		B2499A1D1E941A030034A54F /* AppDelegate.swift in Sources */ = {isa = PBXBuildFile; fileRef = B2499A1C1E941A030034A54F /* AppDelegate.swift */; };
		B2499A1F1E941A030034A54F /* ViewController.swift in Sources */ = {isa = PBXBuildFile; fileRef = B2499A1E1E941A030034A54F /* ViewController.swift */; };
		B2499A221E941A030034A54F /* Main.storyboard in Resources */ = {isa = PBXBuildFile; fileRef = B2499A201E941A030034A54F /* Main.storyboard */; };
		B2499A241E941A030034A54F /* Assets.xcassets in Resources */ = {isa = PBXBuildFile; fileRef = B2499A231E941A030034A54F /* Assets.xcassets */; };
		B2499A271E941A030034A54F /* LaunchScreen.storyboard in Resources */ = {isa = PBXBuildFile; fileRef = B2499A251E941A030034A54F /* LaunchScreen.storyboard */; };
/* End PBXBuildFile section */

/* Begin PBXFileReference section */
		B2499A191E941A030034A54F /* CrackSchoolWifi.app */ = {isa = PBXFileReference; explicitFileType = wrapper.application; includeInIndex = 0; path = CrackSchoolWifi.app; sourceTree = BUILT_PRODUCTS_DIR; };
		B2499A1C1E941A030034A54F /* AppDelegate.swift */ = {isa = PBXFileReference; lastKnownFileType = sourcecode.swift; path = AppDelegate.swift; sourceTree = "<group>"; };
		B2499A1E1E941A030034A54F /* ViewController.swift */ = {isa = PBXFileReference; lastKnownFileType = sourcecode.swift; path = ViewController.swift; sourceTree = "<group>"; };
		B2499A211E941A030034A54F /* Base */ = {isa = PBXFileReference; lastKnownFileType = file.storyboard; name = Base; path = Base.lproj/Main.storyboard; sourceTree = "<group>"; };
		B2499A231E941A030034A54F /* Assets.xcassets */ = {isa = PBXFileReference; lastKnownFileType = folder.assetcatalog; path = Assets.xcassets; sourceTree = "<group>"; };
		B2499A261E941A030034A54F /* Base */ = {isa = PBXFileReference; lastKnownFileType = file.storyboard; name = Base; path = Base.lproj/LaunchScreen.storyboard; sourceTree = "<group>"; };
		B2499A281E941A030034A54F /* Info.plist */ = {isa = PBXFileReference; lastKnownFileType = text.plist.xml; path = Info.plist; sourceTree = "<group>"; };
/* End PBXFileReference section */

/* Begin PBXFrameworksBuildPhase section */
		B2499A161E941A030034A54F /* Frameworks */ = {
			isa = PBXFrameworksBuildPhase;
			buildActionMask = 2147483647;
			files = (
			);
			runOnlyForDeploymentPostprocessing = 0;
		};
/* End PBXFrameworksBuildPhase section */

/* Begin PBXGroup section */
		B2499A101E941A030034A54F = {
			isa = PBXGroup;
			children = (
				B2499A1B1E941A030034A54F /* CrackSchoolWifi */,
				B2499A1A1E941A030034A54F /* Products */,
			);
			sourceTree = "<group>";
		};
		B2499A1A1E941A030034A54F /* Products */ = {
			isa = PBXGroup;
			children = (
				B2499A191E941A030034A54F /* CrackSchoolWifi.app */,
			);
			name = Products;
			sourceTree = "<group>";
		};
		B2499A1B1E941A030034A54F /* CrackSchoolWifi */ = {
			isa = PBXGroup;
			children = (
				B2499A1C1E941A030034A54F /* AppDelegate.swift */,
				B2499A1E1E941A030034A54F /* ViewController.swift */,
				B2499A201E941A030034A54F /* Main.storyboard */,
				B2499A231E941A030034A54F /* Assets.xcassets */,
				B2499A251E941A030034A54F /* LaunchScreen.storyboard */,
				B2499A281E941A030034A54F /* Info.plist */,
			);
			path = CrackSchoolWifi;
			sourceTree = "<group>";
		};
/* End PBXGroup section */

/* Begin PBXNativeTarget section */
		B2499A181E941A030034A54F /* CrackSchoolWifi */ = {
			isa = PBXNativeTarget;
			buildConfigurationList = B2499A2B1E941A030034A54F /* Build configuration list for PBXNativeTarget "CrackSchoolWifi" */;
			buildPhases = (
				B2499A151E941A030034A54F /* Sources */,
				B2499A161E941A030034A54F /* Frameworks */,
				B2499A171E941A030034A54F /* Resources */,
			);
			buildRules = (
			);
			dependencies = (
			);
			name = CrackSchoolWifi;
			productName = CrackSchoolWifi;
			productReference = B2499A191E941A030034A54F /* CrackSchoolWifi.app */;
			productType = "com.apple.product-type.application";
		};
/* End PBXNativeTarget section */

/* Begin PBXProject section */
		B2499A111E941A030034A54F /* Project object */ = {
			isa = PBXProject;
			attributes = {
				LastSwiftUpdateCheck = 0820;
				LastUpgradeCheck = 0820;
				TargetAttributes = {
					B2499A181E941A030034A54F = {
						CreatedOnToolsVersion = 8.2.1;
						ProvisioningStyle = Automatic;
					};
				};
			};
			buildConfigurationList = B2499A141E941A030034A54F /* Build configuration list for PBXProject "CrackSchoolWifi" */;
			compatibilityVersion = "Xcode 3.2";
			developmentRegion = English;
			hasScannedForEncodings = 0;
			knownRegions = (
				en,
				Base,
			);
			mainGroup = B2499A101E941A030034A54F;
			productRefGroup = B2499A1A1E941A030034A54F /* Products */;
			projectDirPath = "";
			projectRoot = "";
			targets = (
				B2499A181E941A030034A54F /* CrackSchoolWifi */,
			);
		};
/* End PBXProject section */

/* Begin PBXResourcesBuildPhase section */
		B2499A171E941A030034A54F /* Resources */ = {
			isa = PBXResourcesBuildPhase;
			buildActionMask = 2147483647;
			files = (
				B2499A271E941A030034A54F /* LaunchScreen.storyboard in Resources */,
				B2499A241E941A030034A54F /* Assets.xcassets in Resources */,
				B2499A221E941A030034A54F /* Main.storyboard in Resources */,
			);
			runOnlyForDeploymentPostprocessing = 0;
		};
/* End PBXResourcesBuildPhase section */

/* Begin PBXSourcesBuildPhase section */
		B2499A151E941A030034A54F /* Sources */ = {
			isa = PBXSourcesBuildPhase;
			buildActionMask = 2147483647;
			files = (
				B2499A1F1E941A030034A54F /* ViewController.swift in Sources */,
				B2499A1D1E941A030034A54F /* AppDelegate.swift in Sources */,
			);
			runOnlyForDeploymentPostprocessing = 0;
		};
/* End PBXSourcesBuildPhase section */

/* Begin PBXVariantGroup section */
		B2499A201E941A030034A54F /* Main.storyboard */ = {
			isa = PBXVariantGroup;
			children = (
				B2499A211E941A030034A54F /* Base */,
			);
			name = Main.storyboard;
			sourceTree = "<group>";
		};
		B2499A251E941A030034A54F /* LaunchScreen.storyboard */ = {
			isa = PBXVariantGroup;
			children = (
				B2499A261E941A030034A54F /* Base */,
			);
			name = LaunchScreen.storyboard;
			sourceTree = "<group>";
		};
/* End PBXVariantGroup section */

/* Begin XCBuildConfiguration section */
		B2499A291E941A030034A54F /* Debug */ = {
			isa = XCBuildConfiguration;
			buildSettings = {
				ALWAYS_SEARCH_USER_PATHS = NO;
				CLANG_ANALYZER_NONNULL = YES;
				CLANG_CXX_LANGUAGE_STANDARD = "gnu++0x";
				CLANG_CXX_LIBRARY = "libc++";
				CLANG_ENABLE_MODULES = YES;
				CLANG_ENABLE_OBJC_ARC = YES;
				CLANG_WARN_BOOL_CONVERSION = YES;
				CLANG_WARN_CONSTANT_CONVERSION = YES;
				CLANG_WARN_DIRECT_OBJC_ISA_USAGE = YES_ERROR;
				CLANG_WARN_DOCUMENTATION_COMMENTS = YES;
				CLANG_WARN_EMPTY_BODY = YES;
				CLANG_WARN_ENUM_CONVERSION = YES;
				CLANG_WARN_INFINITE_RECURSION = YES;
				CLANG_WARN_INT_CONVERSION = YES;
				CLANG_WARN_OBJC_ROOT_CLASS = YES_ERROR;
				CLANG_WARN_SUSPICIOUS_MOVE = YES;
				CLANG_WARN_UNREACHABLE_CODE = YES;
				CLANG_WARN__DUPLICATE_METHOD_MATCH = YES;
				"CODE_SIGN_IDENTITY[sdk=iphoneos*]" = "iPhone Developer";
				COPY_PHASE_STRIP = NO;
				DEBUG_INFORMATION_FORMAT = dwarf;
				ENABLE_STRICT_OBJC_MSGSEND = YES;
				ENABLE_TESTABILITY = YES;
				GCC_C_LANGUAGE_STANDARD = gnu99;
				GCC_DYNAMIC_NO_PIC = NO;
				GCC_NO_COMMON_BLOCKS = YES;
				GCC_OPTIMIZATION_LEVEL = 0;
				GCC_PREPROCESSOR_DEFINITIONS = (
					"DEBUG=1",
					"$(inherited)",
				);
				GCC_WARN_64_TO_32_BIT_CONVERSION = YES;
				GCC_WARN_ABOUT_RETURN_TYPE = YES_ERROR;
				GCC_WARN_UNDECLARED_SELECTOR = YES;
				GCC_WARN_UNINITIALIZED_AUTOS = YES_AGGRESSIVE;
				GCC_WARN_UNUSED_FUNCTION = YES;
				GCC_WARN_UNUSED_VARIABLE = YES;
				IPHONEOS_DEPLOYMENT_TARGET = 10.2;
				MTL_ENABLE_DEBUG_INFO = YES;
				ONLY_ACTIVE_ARCH = YES;
				SDKROOT = iphoneos;
				SWIFT_ACTIVE_COMPILATION_CONDITIONS = DEBUG;
				SWIFT_OPTIMIZATION_LEVEL = "-Onone";
			};
			name = Debug;
		};
		B2499A2A1E941A030034A54F /* Release */ = {
			isa = XCBuildConfiguration;
			buildSettings = {
				ALWAYS_SEARCH_USER_PATHS = NO;
				CLANG_ANALYZER_NONNULL = YES;
				CLANG_CXX_LANGUAGE_STANDARD = "gnu++0x";
				CLANG_CXX_LIBRARY = "libc++";
				CLANG_ENABLE_MODULES = YES;
				CLANG_ENABLE_OBJC_ARC = YES;
				CLANG_WARN_BOOL_CONVERSION = YES;
				CLANG_WARN_CONSTANT_CONVERSION = YES;
				CLANG_WARN_DIRECT_OBJC_ISA_USAGE = YES_ERROR;
				CLANG_WARN_DOCUMENTATION_COMMENTS = YES;
				CLANG_WARN_EMPTY_BODY = YES;
				CLANG_WARN_ENUM_CONVERSION = YES;
				CLANG_WARN_INFINITE_RECURSION = YES;
				CLANG_WARN_INT_CONVERSION = YES;
				CLANG_WARN_OBJC_ROOT_CLASS = YES_ERROR;
				CLANG_WARN_SUSPICIOUS_MOVE = YES;
				CLANG_WARN_UNREACHABLE_CODE = YES;
				CLANG_WARN__DUPLICATE_METHOD_MATCH = YES;
				"CODE_SIGN_IDENTITY[sdk=iphoneos*]" = "iPhone Developer";
				COPY_PHASE_STRIP = NO;
				DEBUG_INFORMATION_FORMAT = "dwarf-with-dsym";
				ENABLE_NS_ASSERTIONS = NO;
				ENABLE_STRICT_OBJC_MSGSEND = YES;
				GCC_C_LANGUAGE_STANDARD = gnu99;
				GCC_NO_COMMON_BLOCKS = YES;
				GCC_WARN_64_TO_32_BIT_CONVERSION = YES;
				GCC_WARN_ABOUT_RETURN_TYPE = YES_ERROR;
				GCC_WARN_UNDECLARED_SELECTOR = YES;
				GCC_WARN_UNINITIALIZED_AUTOS = YES_AGGRESSIVE;
				GCC_WARN_UNUSED_FUNCTION = YES;
				GCC_WARN_UNUSED_VARIABLE = YES;
				IPHONEOS_DEPLOYMENT_TARGET = 10.2;
				MTL_ENABLE_DEBUG_INFO = NO;
				SDKROOT = iphoneos;
				SWIFT_OPTIMIZATION_LEVEL = "-Owholemodule";
				VALIDATE_PRODUCT = YES;
			};
			name = Release;
		};
		B2499A2C1E941A030034A54F /* Debug */ = {
			isa = XCBuildConfiguration;
			buildSettings = {
				ASSETCATALOG_COMPILER_APPICON_NAME = AppIcon;
				INFOPLIST_FILE = CrackSchoolWifi/Info.plist;
				LD_RUNPATH_SEARCH_PATHS = "$(inherited) @executable_path/Frameworks";
				PRODUCT_BUNDLE_IDENTIFIER = com.example.CrackSchoolWifi;
				PRODUCT_NAME = "$(TARGET_NAME)";
				SWIFT_VERSION = 3.0;
			};
			name = Debug;
		};
		B2499A2D1E941A030034A54F /* Release */ = {
			isa = XCBuildConfiguration;
			buildSettings = {
				ASSETCATALOG_COMPILER_APPICON_NAME = AppIcon;
				INFOPLIST_FILE = CrackSchoolWifi/Info.plist;
				LD_RUNPATH_SEARCH_PATHS = "$(inherited) @executable_path/Frameworks";
				PRODUCT_BUNDLE_IDENTIFIER = com.example.CrackSchoolWifi;
				PRODUCT_NAME = "$(TARGET_NAME)";
				SWIFT_VERSION = 3.0;
			};
			name = Release;
		};
/* End XCBuildConfiguration section */

/* Begin XCConfigurationList section */
		B2499A141E941A030034A54F /* Build configuration list for PBXProject "CrackSchoolWifi" */ = {
			isa = XCConfigurationList;
			buildConfigurations = (
				B2499A291E941A030034A54F /* Debug */,
				B2499A2A1E941A030034A54F /* Release */,
			);
			defaultConfigurationIsVisible = 0;
			defaultConfigurationName = Release;
		};
		B2499A2B1E941A030034A54F /* Build configuration list for PBXNativeTarget "CrackSchoolWifi" */ = {
			isa = XCConfigurationList;
			buildConfigurations = (
				B2499A2C1E941A030034A54F /* Debug */,
				B2499A2D1E941A030034A54F /* Release */,
			);
			defaultConfigurationIsVisible = 0;
		};
/* End XCConfigurationList section */
	};
	rootObject = B2499A111E941A030034A54F /* Project object */;
}
